// !$*UTF8*$!
{
	archiveVersion = 1;
	classes = {
	};
	objectVersion = 56;
	objects = {

/* Begin PBXBuildFile section */
		710149C02BBCE4BD00CF9559 /* FructusApp.swift in Sources */ = {isa = PBXBuildFile; fileRef = 710149BF2BBCE4BD00CF9559 /* FructusApp.swift */; };
		710149C22BBCE4BD00CF9559 /* ContentView.swift in Sources */ = {isa = PBXBuildFile; fileRef = 710149C12BBCE4BD00CF9559 /* ContentView.swift */; };
		710149C42BBCE4BD00CF9559 /* Assets.xcassets in Resources */ = {isa = PBXBuildFile; fileRef = 710149C32BBCE4BD00CF9559 /* Assets.xcassets */; };
		710149C72BBCE4BD00CF9559 /* Preview Assets.xcassets in Resources */ = {isa = PBXBuildFile; fileRef = 710149C62BBCE4BD00CF9559 /* Preview Assets.xcassets */; };
		710149D02BBCE92F00CF9559 /* FruitCardView.swift in Sources */ = {isa = PBXBuildFile; fileRef = 710149CF2BBCE92F00CF9559 /* FruitCardView.swift */; };
		710149D22BBCEFDF00CF9559 /* StartButtonView.swift in Sources */ = {isa = PBXBuildFile; fileRef = 710149D12BBCEFDF00CF9559 /* StartButtonView.swift */; };
		710149D42BBCF29F00CF9559 /* OnboardingView.swift in Sources */ = {isa = PBXBuildFile; fileRef = 710149D32BBCF29F00CF9559 /* OnboardingView.swift */; };
		71D7DB212BC218C20020B9F0 /* FruitDetailView.swift in Sources */ = {isa = PBXBuildFile; fileRef = 71D7DB202BC218C20020B9F0 /* FruitDetailView.swift */; };
		71D7DB232BC21C390020B9F0 /* FruitHeaderView.swift in Sources */ = {isa = PBXBuildFile; fileRef = 71D7DB222BC21C390020B9F0 /* FruitHeaderView.swift */; };
		71D7DB252BC21F160020B9F0 /* SourceLinkView.swift in Sources */ = {isa = PBXBuildFile; fileRef = 71D7DB242BC21F160020B9F0 /* SourceLinkView.swift */; };
		71EDB80A2BBF563E0080A2BB /* FruitModel.swift in Sources */ = {isa = PBXBuildFile; fileRef = 71EDB8092BBF563E0080A2BB /* FruitModel.swift */; };
		71EDB80D2BBF57200080A2BB /* FruitData.swift in Sources */ = {isa = PBXBuildFile; fileRef = 71EDB80C2BBF57200080A2BB /* FruitData.swift */; };
		71EDB80F2BBF5E7F0080A2BB /* FruitRowView.swift in Sources */ = {isa = PBXBuildFile; fileRef = 71EDB80E2BBF5E7F0080A2BB /* FruitRowView.swift */; };
/* End PBXBuildFile section */

/* Begin PBXFileReference section */
		710149BC2BBCE4BD00CF9559 /* Fructus.app */ = {isa = PBXFileReference; explicitFileType = wrapper.application; includeInIndex = 0; path = Fructus.app; sourceTree = BUILT_PRODUCTS_DIR; };
		710149BF2BBCE4BD00CF9559 /* FructusApp.swift */ = {isa = PBXFileReference; lastKnownFileType = sourcecode.swift; path = FructusApp.swift; sourceTree = "<group>"; };
		710149C12BBCE4BD00CF9559 /* ContentView.swift */ = {isa = PBXFileReference; lastKnownFileType = sourcecode.swift; path = ContentView.swift; sourceTree = "<group>"; };
		710149C32BBCE4BD00CF9559 /* Assets.xcassets */ = {isa = PBXFileReference; lastKnownFileType = folder.assetcatalog; path = Assets.xcassets; sourceTree = "<group>"; };
		710149C62BBCE4BD00CF9559 /* Preview Assets.xcassets */ = {isa = PBXFileReference; lastKnownFileType = folder.assetcatalog; path = "Preview Assets.xcassets"; sourceTree = "<group>"; };
		710149CF2BBCE92F00CF9559 /* FruitCardView.swift */ = {isa = PBXFileReference; lastKnownFileType = sourcecode.swift; path = FruitCardView.swift; sourceTree = "<group>"; };
		710149D12BBCEFDF00CF9559 /* StartButtonView.swift */ = {isa = PBXFileReference; lastKnownFileType = sourcecode.swift; path = StartButtonView.swift; sourceTree = "<group>"; };
		710149D32BBCF29F00CF9559 /* OnboardingView.swift */ = {isa = PBXFileReference; lastKnownFileType = sourcecode.swift; path = OnboardingView.swift; sourceTree = "<group>"; };
		71D7DB202BC218C20020B9F0 /* FruitDetailView.swift */ = {isa = PBXFileReference; lastKnownFileType = sourcecode.swift; path = FruitDetailView.swift; sourceTree = "<group>"; };
		71D7DB222BC21C390020B9F0 /* FruitHeaderView.swift */ = {isa = PBXFileReference; lastKnownFileType = sourcecode.swift; path = FruitHeaderView.swift; sourceTree = "<group>"; };
		71D7DB242BC21F160020B9F0 /* SourceLinkView.swift */ = {isa = PBXFileReference; lastKnownFileType = sourcecode.swift; path = SourceLinkView.swift; sourceTree = "<group>"; };
		71EDB8092BBF563E0080A2BB /* FruitModel.swift */ = {isa = PBXFileReference; lastKnownFileType = sourcecode.swift; path = FruitModel.swift; sourceTree = "<group>"; };
		71EDB80C2BBF57200080A2BB /* FruitData.swift */ = {isa = PBXFileReference; lastKnownFileType = sourcecode.swift; path = FruitData.swift; sourceTree = "<group>"; };
		71EDB80E2BBF5E7F0080A2BB /* FruitRowView.swift */ = {isa = PBXFileReference; lastKnownFileType = sourcecode.swift; path = FruitRowView.swift; sourceTree = "<group>"; };
/* End PBXFileReference section */

/* Begin PBXFrameworksBuildPhase section */
		710149B92BBCE4BD00CF9559 /* Frameworks */ = {
			isa = PBXFrameworksBuildPhase;
			buildActionMask = 2147483647;
			files = (
			);
			runOnlyForDeploymentPostprocessing = 0;
		};
/* End PBXFrameworksBuildPhase section */

/* Begin PBXGroup section */
		710149B32BBCE4BD00CF9559 = {
			isa = PBXGroup;
			children = (
				710149BE2BBCE4BD00CF9559 /* Fructus */,
				710149BD2BBCE4BD00CF9559 /* Products */,
			);
			sourceTree = "<group>";
		};
		710149BD2BBCE4BD00CF9559 /* Products */ = {
			isa = PBXGroup;
			children = (
				710149BC2BBCE4BD00CF9559 /* Fructus.app */,
			);
			name = Products;
			sourceTree = "<group>";
		};
		710149BE2BBCE4BD00CF9559 /* Fructus */ = {
			isa = PBXGroup;
			children = (
				71EDB80B2BBF570B0080A2BB /* Data */,
				71EDB8082BBF56230080A2BB /* Model */,
				710149CE2BBCE90600CF9559 /* View */,
				710149CD2BBCE8D200CF9559 /* App */,
				710149C32BBCE4BD00CF9559 /* Assets.xcassets */,
				710149C52BBCE4BD00CF9559 /* Preview Content */,
			);
			path = Fructus;
			sourceTree = "<group>";
		};
		710149C52BBCE4BD00CF9559 /* Preview Content */ = {
			isa = PBXGroup;
			children = (
				710149C62BBCE4BD00CF9559 /* Preview Assets.xcassets */,
			);
			path = "Preview Content";
			sourceTree = "<group>";
		};
		710149CD2BBCE8D200CF9559 /* App */ = {
			isa = PBXGroup;
			children = (
				710149BF2BBCE4BD00CF9559 /* FructusApp.swift */,
				710149C12BBCE4BD00CF9559 /* ContentView.swift */,
				710149D32BBCF29F00CF9559 /* OnboardingView.swift */,
				71D7DB202BC218C20020B9F0 /* FruitDetailView.swift */,
			);
			path = App;
			sourceTree = "<group>";
		};
		710149CE2BBCE90600CF9559 /* View */ = {
			isa = PBXGroup;
			children = (
				710149CF2BBCE92F00CF9559 /* FruitCardView.swift */,
				710149D12BBCEFDF00CF9559 /* StartButtonView.swift */,
				71EDB80E2BBF5E7F0080A2BB /* FruitRowView.swift */,
				71D7DB222BC21C390020B9F0 /* FruitHeaderView.swift */,
				71D7DB242BC21F160020B9F0 /* SourceLinkView.swift */,
			);
			path = View;
			sourceTree = "<group>";
		};
		71EDB8082BBF56230080A2BB /* Model */ = {
			isa = PBXGroup;
			children = (
				71EDB8092BBF563E0080A2BB /* FruitModel.swift */,
			);
			path = Model;
			sourceTree = "<group>";
		};
		71EDB80B2BBF570B0080A2BB /* Data */ = {
			isa = PBXGroup;
			children = (
				71EDB80C2BBF57200080A2BB /* FruitData.swift */,
			);
			path = Data;
			sourceTree = "<group>";
		};
/* End PBXGroup section */

/* Begin PBXNativeTarget section */
		710149BB2BBCE4BD00CF9559 /* Fructus */ = {
			isa = PBXNativeTarget;
			buildConfigurationList = 710149CA2BBCE4BD00CF9559 /* Build configuration list for PBXNativeTarget "Fructus" */;
			buildPhases = (
				710149B82BBCE4BD00CF9559 /* Sources */,
				710149B92BBCE4BD00CF9559 /* Frameworks */,
				710149BA2BBCE4BD00CF9559 /* Resources */,
			);
			buildRules = (
			);
			dependencies = (
			);
			name = Fructus;
			productName = Fructus;
			productReference = 710149BC2BBCE4BD00CF9559 /* Fructus.app */;
			productType = "com.apple.product-type.application";
		};
/* End PBXNativeTarget section */

/* Begin PBXProject section */
		710149B42BBCE4BD00CF9559 /* Project object */ = {
			isa = PBXProject;
			attributes = {
				BuildIndependentTargetsInParallel = 1;
				LastSwiftUpdateCheck = 1530;
				LastUpgradeCheck = 1530;
				TargetAttributes = {
					710149BB2BBCE4BD00CF9559 = {
						CreatedOnToolsVersion = 15.3;
					};
				};
			};
			buildConfigurationList = 710149B72BBCE4BD00CF9559 /* Build configuration list for PBXProject "Fructus" */;
			compatibilityVersion = "Xcode 14.0";
			developmentRegion = en;
			hasScannedForEncodings = 0;
			knownRegions = (
				en,
				Base,
			);
			mainGroup = 710149B32BBCE4BD00CF9559;
			productRefGroup = 710149BD2BBCE4BD00CF9559 /* Products */;
			projectDirPath = "";
			projectRoot = "";
			targets = (
				710149BB2BBCE4BD00CF9559 /* Fructus */,
			);
		};
/* End PBXProject section */

/* Begin PBXResourcesBuildPhase section */
		710149BA2BBCE4BD00CF9559 /* Resources */ = {
			isa = PBXResourcesBuildPhase;
			buildActionMask = 2147483647;
			files = (
				710149C72BBCE4BD00CF9559 /* Preview Assets.xcassets in Resources */,
				710149C42BBCE4BD00CF9559 /* Assets.xcassets in Resources */,
			);
			runOnlyForDeploymentPostprocessing = 0;
		};
/* End PBXResourcesBuildPhase section */

/* Begin PBXSourcesBuildPhase section */
		710149B82BBCE4BD00CF9559 /* Sources */ = {
			isa = PBXSourcesBuildPhase;
			buildActionMask = 2147483647;
			files = (
				71EDB80D2BBF57200080A2BB /* FruitData.swift in Sources */,
				71D7DB252BC21F160020B9F0 /* SourceLinkView.swift in Sources */,
				710149D02BBCE92F00CF9559 /* FruitCardView.swift in Sources */,
				71EDB80F2BBF5E7F0080A2BB /* FruitRowView.swift in Sources */,
				710149D22BBCEFDF00CF9559 /* StartButtonView.swift in Sources */,
				71D7DB212BC218C20020B9F0 /* FruitDetailView.swift in Sources */,
				710149C22BBCE4BD00CF9559 /* ContentView.swift in Sources */,
				71D7DB232BC21C390020B9F0 /* FruitHeaderView.swift in Sources */,
				710149D42BBCF29F00CF9559 /* OnboardingView.swift in Sources */,
				71EDB80A2BBF563E0080A2BB /* FruitModel.swift in Sources */,
				710149C02BBCE4BD00CF9559 /* FructusApp.swift in Sources */,
			);
			runOnlyForDeploymentPostprocessing = 0;
		};
/* End PBXSourcesBuildPhase section */

/* Begin XCBuildConfiguration section */
		710149C82BBCE4BD00CF9559 /* Debug */ = {
			isa = XCBuildConfiguration;
			buildSettings = {
				ALWAYS_SEARCH_USER_PATHS = NO;
				ASSETCATALOG_COMPILER_GENERATE_SWIFT_ASSET_SYMBOL_EXTENSIONS = YES;
				CLANG_ANALYZER_NONNULL = YES;
				CLANG_ANALYZER_NUMBER_OBJECT_CONVERSION = YES_AGGRESSIVE;
				CLANG_CXX_LANGUAGE_STANDARD = "gnu++20";
				CLANG_ENABLE_MODULES = YES;
				CLANG_ENABLE_OBJC_ARC = YES;
				CLANG_ENABLE_OBJC_WEAK = YES;
				CLANG_WARN_BLOCK_CAPTURE_AUTORELEASING = YES;
				CLANG_WARN_BOOL_CONVERSION = YES;
				CLANG_WARN_COMMA = YES;
				CLANG_WARN_CONSTANT_CONVERSION = YES;
				CLANG_WARN_DEPRECATED_OBJC_IMPLEMENTATIONS = YES;
				CLANG_WARN_DIRECT_OBJC_ISA_USAGE = YES_ERROR;
				CLANG_WARN_DOCUMENTATION_COMMENTS = YES;
				CLANG_WARN_EMPTY_BODY = YES;
				CLANG_WARN_ENUM_CONVERSION = YES;
				CLANG_WARN_INFINITE_RECURSION = YES;
				CLANG_WARN_INT_CONVERSION = YES;
				CLANG_WARN_NON_LITERAL_NULL_CONVERSION = YES;
				CLANG_WARN_OBJC_IMPLICIT_RETAIN_SELF = YES;
				CLANG_WARN_OBJC_LITERAL_CONVERSION = YES;
				CLANG_WARN_OBJC_ROOT_CLASS = YES_ERROR;
				CLANG_WARN_QUOTED_INCLUDE_IN_FRAMEWORK_HEADER = YES;
				CLANG_WARN_RANGE_LOOP_ANALYSIS = YES;
				CLANG_WARN_STRICT_PROTOTYPES = YES;
				CLANG_WARN_SUSPICIOUS_MOVE = YES;
				CLANG_WARN_UNGUARDED_AVAILABILITY = YES_AGGRESSIVE;
				CLANG_WARN_UNREACHABLE_CODE = YES;
				CLANG_WARN__DUPLICATE_METHOD_MATCH = YES;
				COPY_PHASE_STRIP = NO;
				DEBUG_INFORMATION_FORMAT = dwarf;
				ENABLE_STRICT_OBJC_MSGSEND = YES;
				ENABLE_TESTABILITY = YES;
				ENABLE_USER_SCRIPT_SANDBOXING = YES;
				GCC_C_LANGUAGE_STANDARD = gnu17;
				GCC_DYNAMIC_NO_PIC = NO;
				GCC_NO_COMMON_BLOCKS = YES;
				GCC_OPTIMIZATION_LEVEL = 0;
				GCC_PREPROCESSOR_DEFINITIONS = (
					"DEBUG=1",
					"$(inherited)",
				);
				GCC_WARN_64_TO_32_BIT_CONVERSION = YES;
				GCC_WARN_ABOUT_RETURN_TYPE = YES_ERROR;
				GCC_WARN_UNDECLARED_SELECTOR = YES;
				GCC_WARN_UNINITIALIZED_AUTOS = YES_AGGRESSIVE;
				GCC_WARN_UNUSED_FUNCTION = YES;
				GCC_WARN_UNUSED_VARIABLE = YES;
				IPHONEOS_DEPLOYMENT_TARGET = 17.4;
				LOCALIZATION_PREFERS_STRING_CATALOGS = YES;
				MTL_ENABLE_DEBUG_INFO = INCLUDE_SOURCE;
				MTL_FAST_MATH = YES;
				ONLY_ACTIVE_ARCH = YES;
				SDKROOT = iphoneos;
				SWIFT_ACTIVE_COMPILATION_CONDITIONS = "DEBUG $(inherited)";
				SWIFT_OPTIMIZATION_LEVEL = "-Onone";
			};
			name = Debug;
		};
		710149C92BBCE4BD00CF9559 /* Release */ = {
			isa = XCBuildConfiguration;
			buildSettings = {
				ALWAYS_SEARCH_USER_PATHS = NO;
				ASSETCATALOG_COMPILER_GENERATE_SWIFT_ASSET_SYMBOL_EXTENSIONS = YES;
				CLANG_ANALYZER_NONNULL = YES;
				CLANG_ANALYZER_NUMBER_OBJECT_CONVERSION = YES_AGGRESSIVE;
				CLANG_CXX_LANGUAGE_STANDARD = "gnu++20";
				CLANG_ENABLE_MODULES = YES;
				CLANG_ENABLE_OBJC_ARC = YES;
				CLANG_ENABLE_OBJC_WEAK = YES;
				CLANG_WARN_BLOCK_CAPTURE_AUTORELEASING = YES;
				CLANG_WARN_BOOL_CONVERSION = YES;
				CLANG_WARN_COMMA = YES;
				CLANG_WARN_CONSTANT_CONVERSION = YES;
				CLANG_WARN_DEPRECATED_OBJC_IMPLEMENTATIONS = YES;
				CLANG_WARN_DIRECT_OBJC_ISA_USAGE = YES_ERROR;
				CLANG_WARN_DOCUMENTATION_COMMENTS = YES;
				CLANG_WARN_EMPTY_BODY = YES;
				CLANG_WARN_ENUM_CONVERSION = YES;
				CLANG_WARN_INFINITE_RECURSION = YES;
				CLANG_WARN_INT_CONVERSION = YES;
				CLANG_WARN_NON_LITERAL_NULL_CONVERSION = YES;
				CLANG_WARN_OBJC_IMPLICIT_RETAIN_SELF = YES;
				CLANG_WARN_OBJC_LITERAL_CONVERSION = YES;
				CLANG_WARN_OBJC_ROOT_CLASS = YES_ERROR;
				CLANG_WARN_QUOTED_INCLUDE_IN_FRAMEWORK_HEADER = YES;
				CLANG_WARN_RANGE_LOOP_ANALYSIS = YES;
				CLANG_WARN_STRICT_PROTOTYPES = YES;
				CLANG_WARN_SUSPICIOUS_MOVE = YES;
				CLANG_WARN_UNGUARDED_AVAILABILITY = YES_AGGRESSIVE;
				CLANG_WARN_UNREACHABLE_CODE = YES;
				CLANG_WARN__DUPLICATE_METHOD_MATCH = YES;
				COPY_PHASE_STRIP = NO;
				DEBUG_INFORMATION_FORMAT = "dwarf-with-dsym";
				ENABLE_NS_ASSERTIONS = NO;
				ENABLE_STRICT_OBJC_MSGSEND = YES;
				ENABLE_USER_SCRIPT_SANDBOXING = YES;
				GCC_C_LANGUAGE_STANDARD = gnu17;
				GCC_NO_COMMON_BLOCKS = YES;
				GCC_WARN_64_TO_32_BIT_CONVERSION = YES;
				GCC_WARN_ABOUT_RETURN_TYPE = YES_ERROR;
				GCC_WARN_UNDECLARED_SELECTOR = YES;
				GCC_WARN_UNINITIALIZED_AUTOS = YES_AGGRESSIVE;
				GCC_WARN_UNUSED_FUNCTION = YES;
				GCC_WARN_UNUSED_VARIABLE = YES;
				IPHONEOS_DEPLOYMENT_TARGET = 17.4;
				LOCALIZATION_PREFERS_STRING_CATALOGS = YES;
				MTL_ENABLE_DEBUG_INFO = NO;
				MTL_FAST_MATH = YES;
				SDKROOT = iphoneos;
				SWIFT_COMPILATION_MODE = wholemodule;
				VALIDATE_PRODUCT = YES;
			};
			name = Release;
		};
		710149CB2BBCE4BD00CF9559 /* Debug */ = {
			isa = XCBuildConfiguration;
			buildSettings = {
				ASSETCATALOG_COMPILER_APPICON_NAME = AppIcon;
				ASSETCATALOG_COMPILER_GLOBAL_ACCENT_COLOR_NAME = AccentColor;
				CODE_SIGN_STYLE = Automatic;
				CURRENT_PROJECT_VERSION = 1;
				DEVELOPMENT_ASSET_PATHS = "\"Fructus/Preview Content\"";
				DEVELOPMENT_TEAM = B74S6CB49E;
				ENABLE_PREVIEWS = YES;
				GENERATE_INFOPLIST_FILE = YES;
				INFOPLIST_KEY_UIApplicationSceneManifest_Generation = YES;
				INFOPLIST_KEY_UIApplicationSupportsIndirectInputEvents = YES;
				INFOPLIST_KEY_UILaunchScreen_Generation = YES;
				INFOPLIST_KEY_UISupportedInterfaceOrientations = UIInterfaceOrientationPortrait;
				INFOPLIST_KEY_UISupportedInterfaceOrientations_iPad = "UIInterfaceOrientationPortrait UIInterfaceOrientationPortraitUpsideDown";
				LD_RUNPATH_SEARCH_PATHS = (
					"$(inherited)",
					"@executable_path/Frameworks",
				);
				MARKETING_VERSION = 1.0;
				PRODUCT_BUNDLE_IDENTIFIER = brandon.Fructus;
				PRODUCT_NAME = "$(TARGET_NAME)";
				SWIFT_EMIT_LOC_STRINGS = YES;
				SWIFT_VERSION = 5.0;
				TARGETED_DEVICE_FAMILY = "1,2";
			};
			name = Debug;
		};
		710149CC2BBCE4BD00CF9559 /* Release */ = {
			isa = XCBuildConfiguration;
			buildSettings = {
				ASSETCATALOG_COMPILER_APPICON_NAME = AppIcon;
				ASSETCATALOG_COMPILER_GLOBAL_ACCENT_COLOR_NAME = AccentColor;
				CODE_SIGN_STYLE = Automatic;
				CURRENT_PROJECT_VERSION = 1;
				DEVELOPMENT_ASSET_PATHS = "\"Fructus/Preview Content\"";
				DEVELOPMENT_TEAM = B74S6CB49E;
				ENABLE_PREVIEWS = YES;
				GENERATE_INFOPLIST_FILE = YES;
				INFOPLIST_KEY_UIApplicationSceneManifest_Generation = YES;
				INFOPLIST_KEY_UIApplicationSupportsIndirectInputEvents = YES;
				INFOPLIST_KEY_UILaunchScreen_Generation = YES;
				INFOPLIST_KEY_UISupportedInterfaceOrientations = UIInterfaceOrientationPortrait;
				INFOPLIST_KEY_UISupportedInterfaceOrientations_iPad = "UIInterfaceOrientationPortrait UIInterfaceOrientationPortraitUpsideDown";
				LD_RUNPATH_SEARCH_PATHS = (
					"$(inherited)",
					"@executable_path/Frameworks",
				);
				MARKETING_VERSION = 1.0;
				PRODUCT_BUNDLE_IDENTIFIER = brandon.Fructus;
				PRODUCT_NAME = "$(TARGET_NAME)";
				SWIFT_EMIT_LOC_STRINGS = YES;
				SWIFT_VERSION = 5.0;
				TARGETED_DEVICE_FAMILY = "1,2";
			};
			name = Release;
		};
/* End XCBuildConfiguration section */

/* Begin XCConfigurationList section */
		710149B72BBCE4BD00CF9559 /* Build configuration list for PBXProject "Fructus" */ = {
			isa = XCConfigurationList;
			buildConfigurations = (
				710149C82BBCE4BD00CF9559 /* Debug */,
				710149C92BBCE4BD00CF9559 /* Release */,
			);
			defaultConfigurationIsVisible = 0;
			defaultConfigurationName = Release;
		};
		710149CA2BBCE4BD00CF9559 /* Build configuration list for PBXNativeTarget "Fructus" */ = {
			isa = XCConfigurationList;
			buildConfigurations = (
				710149CB2BBCE4BD00CF9559 /* Debug */,
				710149CC2BBCE4BD00CF9559 /* Release */,
			);
			defaultConfigurationIsVisible = 0;
			defaultConfigurationName = Release;
		};
/* End XCConfigurationList section */
	};
	rootObject = 710149B42BBCE4BD00CF9559 /* Project object */;
}
